
Microsoft Visual Studio Solution File, Format Version 12.00
# Visual Studio 15
VisualStudioVersion = 15.0.28307.1705
MinimumVisualStudioVersion = 10.0.40219.1
Project("{FAE04EC0-301F-11D3-BF4B-00C04F79EFBC}") = "ServiceMtk-P1-20190140103", "ServiceMtk-P1-20190140103\ServiceMtk-P1-20190140103.csproj", "{BA818910-BA38-4C4C-A8F0-69FC7B56FE86}"
EndProject
Global
	GlobalSection(SolutionConfigurationPlatforms) = preSolution
		Debug|Any CPU = Debug|Any CPU
		Release|Any CPU = Release|Any CPU
	EndGlobalSection
	GlobalSection(ProjectConfigurationPlatforms) = postSolution
		{BA818910-BA38-4C4C-A8F0-69FC7B56FE86}.Debug|Any CPU.ActiveCfg = Debug|Any CPU
		{BA818910-BA38-4C4C-A8F0-69FC7B56FE86}.Debug|Any CPU.Build.0 = Debug|Any CPU
		{BA818910-BA38-4C4C-A8F0-69FC7B56FE86}.Release|Any CPU.ActiveCfg = Release|Any CPU
		{BA818910-BA38-4C4C-A8F0-69FC7B56FE86}.Release|Any CPU.Build.0 = Release|Any CPU
	EndGlobalSection
	GlobalSection(SolutionProperties) = preSolution
		HideSolutionNode = FALSE
	EndGlobalSection
	GlobalSection(ExtensibilityGlobals) = postSolution
		SolutionGuid = {FD8DFDBE-6B46-48D0-B3D6-8FAC9A576F43}
	EndGlobalSection
EndGlobal
